# This file is generated by running "yarn install" inside your project.
# Manual changes might be lost - proceed with caution!

__metadata:
  version: 5
  cacheKey: 8

"@astriel-division/ts-config@npm:1.0.7":
  version: 1.0.7
  resolution: "@astriel-division/ts-config@npm:1.0.7"
  dependencies:
    tslib: 2.3.1
    typescript: 4.4.4
  checksum: b125fbc1c225dd3dcc795d9c9a0d4da17b29b595632b5401382a69a5c389e5ab2d106bfed2b03bf8817a665d44dfe5c08c6047cb9750c6f9445b23d545b0a51f
  languageName: node
  linkType: hard

"@types/node@npm:16.11.11":
  version: 16.11.11
  resolution: "@types/node@npm:16.11.11"
  checksum: 1c472bd63f23ca0e4effc96e6e0c693b83b027f613a1f41b6d1bd7791f65ce171a351e0a5c92575cb59e84ad0a930875397bfbbb91a7c925ddbbb558f7461af8
  languageName: node
  linkType: hard

"httpclient@workspace:.":
  version: 0.0.0-use.local
  resolution: "httpclient@workspace:."
  dependencies:
    "@astriel-division/ts-config": 1.0.7
    "@types/node": 16.11.11
    xv: 1.1.1
  languageName: unknown
  linkType: soft

"tslib@npm:2.3.1":
  version: 2.3.1
  resolution: "tslib@npm:2.3.1"
  checksum: de17a98d4614481f7fcb5cd53ffc1aaf8654313be0291e1bfaee4b4bb31a20494b7d218ff2e15017883e8ea9626599b3b0e0229c18383ba9dce89da2adf15cb9
  languageName: node
  linkType: hard

"typescript@npm:4.4.4":
  version: 4.4.4
  resolution: "typescript@npm:4.4.4"
  bin:
    tsc: bin/tsc
    tsserver: bin/tsserver
  checksum: 89ecb8436bb48ef5594d49289f5f89103071716b6e4844278f4fb3362856e31203e187a9c76d205c3f0b674d221a058fd28310dbcbcf5d95e9a57229bb5203f1
  languageName: node
  linkType: hard

"typescript@patch:typescript@4.4.4#~builtin<compat/typescript>":
  version: 4.4.4
  resolution: "typescript@patch:typescript@npm%3A4.4.4#~builtin<compat/typescript>::version=4.4.4&hash=493e53"
  bin:
    tsc: bin/tsc
    tsserver: bin/tsserver
  checksum: bd629ad0da4a15d79aaad56baf3ee7d96f6a181760d430ae77f8c5325df7bffd9edee57544a3970e3651e8b796fe03a5838a7eb39c6d46cc3866c0b23d36a0dd
  languageName: node
  linkType: hard

"xv@npm:1.1.1":
  version: 1.1.1
  resolution: "xv@npm:1.1.1"
  bin:
    xv: lib/bin.js
  checksum: c051eec0ba04384668d9ef80da4a603e458601492c73d66113e36005edffa00c49ea6af24a92a80698502a6c92dcc7210caf2c030ad6060323c1828d637b1e49
  languageName: node
  linkType: hard
