# This file is generated by running "yarn install" inside your project.
# Manual changes might be lost - proceed with caution!

__metadata:
  version: 5
  cacheKey: 8

"@artiefuzzz/lynx@workspace:.":
  version: 0.0.0-use.local
  resolution: "@artiefuzzz/lynx@workspace:."
  dependencies:
    "@artiefuzzz/ts": 1.1.2
    "@artiefuzzz/utils": ^1.0.3
    "@types/node": 16.11.14
    undici: ^4.11.3
    xv: 1.1.1
  languageName: unknown
  linkType: soft

"@artiefuzzz/ts@npm:1.1.2":
  version: 1.1.2
  resolution: "@artiefuzzz/ts@npm:1.1.2"
  checksum: d29c668fb8c5cd78ea99e30e6f35fcba05d8c1fc6fce9106cfaac799fe052d79224329deacadb9efbfc910cff53f8ca3fcc85743f4d9f9b3931768ba41e7fa73
  languageName: node
  linkType: hard

"@artiefuzzz/utils@npm:^1.0.3":
  version: 1.1.0
  resolution: "@artiefuzzz/utils@npm:1.1.0"
  checksum: 8407a568d074d853f7dce93952e1841082456ee85ad2ea886b598709d1b01fc46af5ba042d96e1eab29964c6a3a024fb5fec2319859b763c216b41d8eb210f42
  languageName: node
  linkType: hard

"@types/node@npm:16.11.14":
  version: 16.11.14
  resolution: "@types/node@npm:16.11.14"
  checksum: 0bd4333fb4e56532db7f5174732268b18089913ddbb0e97957228e64f9fe3babf9923c77ce6f07d3d354445cfbb8d31b95c1f8be3c0f7426308bd8b93d3aaa02
  languageName: node
  linkType: hard

"undici@npm:^4.11.3":
  version: 4.12.0
  resolution: "undici@npm:4.12.0"
  checksum: 30acabeb037c04abbb6e76ddfc6f1925a19a91652665c58e9de818b374de7ede2cd39d6a3d9c2e50e77b9029e52ff9db3dfd7be2bf5a20e507f6ae3e3e97219e
  languageName: node
  linkType: hard

"xv@npm:1.1.1":
  version: 1.1.1
  resolution: "xv@npm:1.1.1"
  bin:
    xv: lib/bin.js
  checksum: c051eec0ba04384668d9ef80da4a603e458601492c73d66113e36005edffa00c49ea6af24a92a80698502a6c92dcc7210caf2c030ad6060323c1828d637b1e49
  languageName: node
  linkType: hard
