# This file is generated by running "yarn install" inside your project.
# Manual changes might be lost - proceed with caution!

__metadata:
  version: 6
  cacheKey: 8

"@artiefuzzz/lynx@workspace:.":
  version: 0.0.0-use.local
  resolution: "@artiefuzzz/lynx@workspace:."
  dependencies:
    "@artiefuzzz/ts": 1.3.2
    "@artiefuzzz/utils": ^1.2.1
    "@types/node": 16.11.26
    undici: ^5.0.0
    xv: 1.1.1
  languageName: unknown
  linkType: soft

"@artiefuzzz/ts@npm:1.3.2":
  version: 1.3.2
  resolution: "@artiefuzzz/ts@npm:1.3.2"
  dependencies:
    tslib: ^2.3.1
  checksum: 6331ec7f65198ea5df36596a3bd3f24d32560df9147b8837dbd776448bb5c7bc19bdd3f8b96e2917e07ddf150d7deb89eab003718ab42aec5f7e022908699d9b
  languageName: node
  linkType: hard

"@artiefuzzz/utils@npm:^1.2.1":
  version: 1.2.4
  resolution: "@artiefuzzz/utils@npm:1.2.4"
  checksum: be1c0691093d874486381da3d92177676827c3e35c5cca0aa5c2ba7f05ed5384a57e7dea392fb455ec46a57bd799507a2f40c0ce3118f7415d9a789e38924efa
  languageName: node
  linkType: hard

"@types/node@npm:16.11.26":
  version: 16.11.26
  resolution: "@types/node@npm:16.11.26"
  checksum: 57757caaba3f0d95de82198cb276a1002c49b710108c932a1d02d7c91ff2fa57cfe2dd19fde60853b6dd90b0964b3cf35557981d2628e20aed6a909057aedfe6
  languageName: node
  linkType: hard

"tslib@npm:^2.3.1":
  version: 2.3.1
  resolution: "tslib@npm:2.3.1"
  checksum: de17a98d4614481f7fcb5cd53ffc1aaf8654313be0291e1bfaee4b4bb31a20494b7d218ff2e15017883e8ea9626599b3b0e0229c18383ba9dce89da2adf15cb9
  languageName: node
  linkType: hard

"undici@npm:^5.0.0":
  version: 5.0.0
  resolution: "undici@npm:5.0.0"
  checksum: 98bb9914aa0647840ce6fd518ac828b7760df8d9b747680d11260fcb4f50af0029b0513e5600bf0d3a812d9e3f8d9d787bbcbcee7b9e75aa5f7de6f9b0212898
  languageName: node
  linkType: hard

"xv@npm:1.1.1":
  version: 1.1.1
  resolution: "xv@npm:1.1.1"
  bin:
    xv: lib/bin.js
  checksum: c051eec0ba04384668d9ef80da4a603e458601492c73d66113e36005edffa00c49ea6af24a92a80698502a6c92dcc7210caf2c030ad6060323c1828d637b1e49
  languageName: node
  linkType: hard
